{
  "name": "@drozdik.m/dimensions-ratio",
  "version": "1.0.0",
  "lockfileVersion": 1,
  "requires": true,
  "dependencies": {
    "@drozdik.m/dimensions-helper": {
      "version": "1.0.0",
      "resolved": "https://opticallo.pkgs.visualstudio.com/_packaging/TheAlphaLibrary/npm/registry/@drozdik.m/dimensions-helper/-/dimensions-helper-1.0.0.tgz",
      "integrity": "sha1-3NiCo4ryGQJsQ3+rYO4Ji5OYgLw="
    },
    "@drozdik.m/unit-test": {
      "version": "1.5.0",
      "resolved": "https://opticallo.pkgs.visualstudio.com/_packaging/TheAlphaLibrary/npm/registry/@drozdik.m/unit-test/-/unit-test-1.5.0.tgz",
      "integrity": "sha1-xdOGkLVtZh25jYbAogzx6xfSGnc=",
      "dev": true
    },
    "@drozdik.m/web-unit-test": {
      "version": "1.2.5",
      "resolved": "https://opticallo.pkgs.visualstudio.com/_packaging/TheAlphaLibrary/npm/registry/@drozdik.m/web-unit-test/-/web-unit-test-1.2.5.tgz",
      "integrity": "sha1-Nm3seKLIc0JfNOzedpCHkg4x+rQ=",
      "dev": true,
      "requires": {
        "@drozdik.m/unit-test": "^1.5.0"
      }
    }
  }
}
