{
  "name": "@drozdik.m/image-gallery",
  "version": "1.2.3",
  "lockfileVersion": 1,
  "requires": true,
  "dependencies": {
    "@drozdik.m/common-interfaces": {
      "version": "1.0.2",
      "resolved": "https://opticallo.pkgs.visualstudio.com/_packaging/TheAlphaLibrary/npm/registry/@drozdik.m/common-interfaces/-/common-interfaces-1.0.2.tgz",
      "integrity": "sha1-QF04YMRC/cEH0DJTHVJ1L/Md29E="
    },
    "@drozdik.m/common-mixins": {
      "version": "1.0.5",
      "resolved": "https://pkgs.dev.azure.com/martin-drozdik/_packaging/TheAlphaLibrary/npm/registry/@drozdik.m/common-mixins/-/common-mixins-1.0.5.tgz",
      "integrity": "sha1-heEb1TsNTbbZa4M5aMbJxaYHpGE="
    },
    "@drozdik.m/comparator-handler": {
      "version": "1.0.1",
      "resolved": "https://opticallo.pkgs.visualstudio.com/_packaging/TheAlphaLibrary/npm/registry/@drozdik.m/comparator-handler/-/comparator-handler-1.0.1.tgz",
      "integrity": "sha1-amBdgCGUX4abmR1GYYdzsuCAHiE=",
      "requires": {
        "@drozdik.m/common-interfaces": "^1.0.2",
        "@drozdik.m/default-comparator": "^1.0.1"
      }
    },
    "@drozdik.m/default-comparator": {
      "version": "1.0.1",
      "resolved": "https://opticallo.pkgs.visualstudio.com/_packaging/TheAlphaLibrary/npm/registry/@drozdik.m/default-comparator/-/default-comparator-1.0.1.tgz",
      "integrity": "sha1-YEBW4dnjwKcnldtQ8go5Qfqu/Ps="
    },
    "@drozdik.m/dimensions-helper": {
      "version": "1.0.0",
      "resolved": "https://opticallo.pkgs.visualstudio.com/_packaging/TheAlphaLibrary/npm/registry/@drozdik.m/dimensions-helper/-/dimensions-helper-1.0.0.tgz",
      "integrity": "sha1-3NiCo4ryGQJsQ3+rYO4Ji5OYgLw="
    },
    "@drozdik.m/double-linked-list": {
      "version": "1.1.0",
      "resolved": "https://opticallo.pkgs.visualstudio.com/_packaging/TheAlphaLibrary/npm/registry/@drozdik.m/double-linked-list/-/double-linked-list-1.1.0.tgz",
      "integrity": "sha1-BN43iP7TCn65G3vOSOYwLIVtMjo=",
      "requires": {
        "@drozdik.m/common-interfaces": "^1.0.2",
        "@drozdik.m/comparator-handler": "^1.0.1"
      }
    },
    "@drozdik.m/event": {
      "version": "1.0.0",
      "resolved": "https://opticallo.pkgs.visualstudio.com/_packaging/TheAlphaLibrary/npm/registry/@drozdik.m/event/-/event-1.0.0.tgz",
      "integrity": "sha1-BYNMXI3ZslTUqTWeVbZI0y9Xg74=",
      "requires": {
        "@drozdik.m/common-interfaces": "^1.0.2",
        "@drozdik.m/double-linked-list": "^1.0.2"
      }
    },
    "@drozdik.m/loading-animation": {
      "version": "1.2.1",
      "resolved": "https://pkgs.dev.azure.com/martin-drozdik/_packaging/TheAlphaLibrary/npm/registry/@drozdik.m/loading-animation/-/loading-animation-1.2.1.tgz",
      "integrity": "sha1-gfnE+xVBQDMykLZxf4oCf97AlbU=",
      "requires": {
        "@drozdik.m/common-mixins": "^1.0.4"
      }
    },
    "@drozdik.m/px-in-rem": {
      "version": "1.0.1",
      "resolved": "https://opticallo.pkgs.visualstudio.com/_packaging/TheAlphaLibrary/npm/registry/@drozdik.m/px-in-rem/-/px-in-rem-1.0.1.tgz",
      "integrity": "sha1-fGHmzBYUBUks4KFETwP3FxrOGoM="
    },
    "@drozdik.m/rem": {
      "version": "1.0.0",
      "resolved": "https://opticallo.pkgs.visualstudio.com/_packaging/TheAlphaLibrary/npm/registry/@drozdik.m/rem/-/rem-1.0.0.tgz",
      "integrity": "sha1-/6qZ3Uh80Ky1ueEDUTZZaUpYRxw=",
      "requires": {
        "@drozdik.m/window-events": "^1.1.1"
      }
    },
    "@drozdik.m/unit-test": {
      "version": "1.5.0",
      "resolved": "https://opticallo.pkgs.visualstudio.com/_packaging/TheAlphaLibrary/npm/registry/@drozdik.m/unit-test/-/unit-test-1.5.0.tgz",
      "integrity": "sha1-xdOGkLVtZh25jYbAogzx6xfSGnc=",
      "dev": true
    },
    "@drozdik.m/web-unit-test": {
      "version": "1.2.5",
      "resolved": "https://opticallo.pkgs.visualstudio.com/_packaging/TheAlphaLibrary/npm/registry/@drozdik.m/web-unit-test/-/web-unit-test-1.2.5.tgz",
      "integrity": "sha1-Nm3seKLIc0JfNOzedpCHkg4x+rQ=",
      "dev": true,
      "requires": {
        "@drozdik.m/unit-test": "^1.5.0"
      }
    },
    "@drozdik.m/window-events": {
      "version": "1.1.2",
      "resolved": "https://pkgs.dev.azure.com/martin-drozdik/_packaging/TheAlphaLibrary/npm/registry/@drozdik.m/window-events/-/window-events-1.1.2.tgz",
      "integrity": "sha1-SPzFbgYPaeGpkmU089A1PmUZTRw=",
      "requires": {
        "@drozdik.m/dimensions-helper": "^1.0.0",
        "@drozdik.m/event": "^1.0.0"
      }
    }
  }
}
