{
  "name": "@drozdik.m/loading-animation",
  "version": "1.2.1",
  "lockfileVersion": 1,
  "requires": true,
  "dependencies": {
    "@drozdik.m/common-mixins": {
      "version": "1.0.5",
      "resolved": "https://registry.npmjs.org/@drozdik.m/common-mixins/-/common-mixins-1.0.5.tgz",
      "integrity": "sha512-+/Ldi010jnuSt2dNlArfGRObFoRrblU5jxYQ3eQR+tNaZPYLKvXKBB4cFHYNVu6MDzI+HgD9jstmJkOkgfywog=="
    },
    "@drozdik.m/unit-test": {
      "version": "1.5.1",
      "resolved": "https://registry.npmjs.org/@drozdik.m/unit-test/-/unit-test-1.5.1.tgz",
      "integrity": "sha512-Jr+752/ic01Urv725WZbVI3cUHehnw2c1aFkwQCC74TZxkl974OZqh5cUCI7hBdRETdqqKvGTAO5hDr7ng4pYw==",
      "dev": true
    },
    "@drozdik.m/web-unit-test": {
      "version": "1.2.6",
      "resolved": "https://registry.npmjs.org/@drozdik.m/web-unit-test/-/web-unit-test-1.2.6.tgz",
      "integrity": "sha512-8K22jPCdyrVzT0mb+eW4nLFXqn/ckw+4C0dEGwS+6K8IIsBGVmDeU/KOIUXm7+n9iXtvks+xOYkkHMBNnt2rUQ==",
      "dev": true,
      "requires": {
        "@drozdik.m/unit-test": "^1.5.1"
      }
    }
  }
}
