{
  "name": "@drozdik.m/element-resize-watcher",
  "version": "1.0.1",
  "lockfileVersion": 1,
  "requires": true,
  "dependencies": {
    "@drozdik.m/common-interfaces": {
      "version": "1.2.2",
      "resolved": "https://registry.npmjs.org/@drozdik.m/common-interfaces/-/common-interfaces-1.2.2.tgz",
      "integrity": "sha512-YyjNJ8p/xnOgqKidi9jiQPUOaLV+quBgxxE1wmDH/AtjfyMs9Z4CpU3fXnzAUQkvNaPzPNLlug28woK4jy1/Pg=="
    },
    "@drozdik.m/comparator-handler": {
      "version": "1.0.1",
      "resolved": "https://registry.npmjs.org/@drozdik.m/comparator-handler/-/comparator-handler-1.0.1.tgz",
      "integrity": "sha512-woZIP4pIEFzRb5akuKud0Jt9aKVmEKDH21decKBqi1dPO/nvz0l6OpOTHfkByyt2EIvjoUr9Euzf5/fIlWy8Rg==",
      "requires": {
        "@drozdik.m/common-interfaces": "^1.0.2",
        "@drozdik.m/default-comparator": "^1.0.1"
      }
    },
    "@drozdik.m/default-comparator": {
      "version": "1.0.1",
      "resolved": "https://registry.npmjs.org/@drozdik.m/default-comparator/-/default-comparator-1.0.1.tgz",
      "integrity": "sha512-LrGEtedL0LL93zs49llCkjmCPyPuhy2xm4M984aQGg02go5ISkXUU00u/nnHuoiTC7efcQatbFahsuvqN1foJA=="
    },
    "@drozdik.m/dimensions-helper": {
      "version": "1.0.0",
      "resolved": "https://registry.npmjs.org/@drozdik.m/dimensions-helper/-/dimensions-helper-1.0.0.tgz",
      "integrity": "sha512-0IAo0KpmAM5dBD9KBKrLtEOqf8SoujhnALCiclN4pp7KMrriHAi4tYm3lH/oi1vcRtUr7fKu0VBw2TDQusCFCA=="
    },
    "@drozdik.m/double-linked-list": {
      "version": "1.1.0",
      "resolved": "https://registry.npmjs.org/@drozdik.m/double-linked-list/-/double-linked-list-1.1.0.tgz",
      "integrity": "sha512-zN9iLANp9nh9ihP3n0/S3wGYHMfmWJnviftrpTGJ0dFNID6WBmrodu4kDh1jHyZmaVvHHba9qjRq13YRtfjlJw==",
      "requires": {
        "@drozdik.m/common-interfaces": "^1.0.2",
        "@drozdik.m/comparator-handler": "^1.0.1"
      }
    },
    "@drozdik.m/event": {
      "version": "1.0.0",
      "resolved": "https://registry.npmjs.org/@drozdik.m/event/-/event-1.0.0.tgz",
      "integrity": "sha512-mQ83ASHvOpE3XQ3Oh9DR2UEgDyyJqLp6HLLCXMTy4HQ2RukcSD/aS4j5zY0+/skESax/VagEn126glkvMZDg+g==",
      "requires": {
        "@drozdik.m/common-interfaces": "^1.0.2",
        "@drozdik.m/double-linked-list": "^1.0.2"
      }
    },
    "@drozdik.m/unit-test": {
      "version": "1.5.1",
      "resolved": "https://registry.npmjs.org/@drozdik.m/unit-test/-/unit-test-1.5.1.tgz",
      "integrity": "sha512-Jr+752/ic01Urv725WZbVI3cUHehnw2c1aFkwQCC74TZxkl974OZqh5cUCI7hBdRETdqqKvGTAO5hDr7ng4pYw==",
      "dev": true
    },
    "@drozdik.m/web-unit-test": {
      "version": "1.2.6",
      "resolved": "https://registry.npmjs.org/@drozdik.m/web-unit-test/-/web-unit-test-1.2.6.tgz",
      "integrity": "sha512-8K22jPCdyrVzT0mb+eW4nLFXqn/ckw+4C0dEGwS+6K8IIsBGVmDeU/KOIUXm7+n9iXtvks+xOYkkHMBNnt2rUQ==",
      "dev": true,
      "requires": {
        "@drozdik.m/unit-test": "^1.5.1"
      }
    },
    "@drozdik.m/window-events": {
      "version": "1.1.2",
      "resolved": "https://registry.npmjs.org/@drozdik.m/window-events/-/window-events-1.1.2.tgz",
      "integrity": "sha512-Gc7wUYDFb7Cfxr8AmLqBQmZqi9N8vcKhTvIZu0N1+Du1QZAClUUkYfC7iGZ+iaXwsRLsAWqLn/gpYLkje8gOtQ==",
      "requires": {
        "@drozdik.m/dimensions-helper": "^1.0.0",
        "@drozdik.m/event": "^1.0.0"
      }
    }
  }
}
