{
  "name": "@drozdik.m/comparator-handler",
  "version": "1.0.2",
  "lockfileVersion": 2,
  "requires": true,
  "packages": {
    "": {
      "name": "@drozdik.m/comparator-handler",
      "version": "1.0.2",
      "license": "MIT",
      "dependencies": {
        "@drozdik.m/common-interfaces": "^1.0.2",
        "@drozdik.m/default-comparator": "^1.0.1"
      },
      "devDependencies": {
        "@drozdik.m/unit-test": "^1.0.1"
      }
    },
    "node_modules/@drozdik.m/common-interfaces": {
      "version": "1.2.2",
      "resolved": "https://registry.npmjs.org/@drozdik.m/common-interfaces/-/common-interfaces-1.2.2.tgz",
      "integrity": "sha512-YyjNJ8p/xnOgqKidi9jiQPUOaLV+quBgxxE1wmDH/AtjfyMs9Z4CpU3fXnzAUQkvNaPzPNLlug28woK4jy1/Pg=="
    },
    "node_modules/@drozdik.m/default-comparator": {
      "version": "1.0.1",
      "resolved": "https://registry.npmjs.org/@drozdik.m/default-comparator/-/default-comparator-1.0.1.tgz",
      "integrity": "sha512-LrGEtedL0LL93zs49llCkjmCPyPuhy2xm4M984aQGg02go5ISkXUU00u/nnHuoiTC7efcQatbFahsuvqN1foJA=="
    },
    "node_modules/@drozdik.m/unit-test": {
      "version": "1.5.1",
      "resolved": "https://registry.npmjs.org/@drozdik.m/unit-test/-/unit-test-1.5.1.tgz",
      "integrity": "sha512-Jr+752/ic01Urv725WZbVI3cUHehnw2c1aFkwQCC74TZxkl974OZqh5cUCI7hBdRETdqqKvGTAO5hDr7ng4pYw==",
      "dev": true
    }
  },
  "dependencies": {
    "@drozdik.m/common-interfaces": {
      "version": "1.2.2",
      "resolved": "https://registry.npmjs.org/@drozdik.m/common-interfaces/-/common-interfaces-1.2.2.tgz",
      "integrity": "sha512-YyjNJ8p/xnOgqKidi9jiQPUOaLV+quBgxxE1wmDH/AtjfyMs9Z4CpU3fXnzAUQkvNaPzPNLlug28woK4jy1/Pg=="
    },
    "@drozdik.m/default-comparator": {
      "version": "1.0.1",
      "resolved": "https://registry.npmjs.org/@drozdik.m/default-comparator/-/default-comparator-1.0.1.tgz",
      "integrity": "sha512-LrGEtedL0LL93zs49llCkjmCPyPuhy2xm4M984aQGg02go5ISkXUU00u/nnHuoiTC7efcQatbFahsuvqN1foJA=="
    },
    "@drozdik.m/unit-test": {
      "version": "1.5.1",
      "resolved": "https://registry.npmjs.org/@drozdik.m/unit-test/-/unit-test-1.5.1.tgz",
      "integrity": "sha512-Jr+752/ic01Urv725WZbVI3cUHehnw2c1aFkwQCC74TZxkl974OZqh5cUCI7hBdRETdqqKvGTAO5hDr7ng4pYw==",
      "dev": true
    }
  }
}
