{
  "name": "@drozdik.m/comparator-handler",
  "version": "1.0.0",
  "lockfileVersion": 1,
  "requires": true,
  "dependencies": {
    "@drozdik.m/common-interfaces": {
      "version": "1.0.2",
      "resolved": "https://opticallo.pkgs.visualstudio.com/_packaging/TheAlphaLibrary/npm/registry/@drozdik.m/common-interfaces/-/common-interfaces-1.0.2.tgz",
      "integrity": "sha1-QF04YMRC/cEH0DJTHVJ1L/Md29E="
    },
    "@drozdik.m/default-comparator": {
      "version": "1.0.1",
      "resolved": "https://opticallo.pkgs.visualstudio.com/_packaging/TheAlphaLibrary/npm/registry/@drozdik.m/default-comparator/-/default-comparator-1.0.1.tgz",
      "integrity": "sha1-YEBW4dnjwKcnldtQ8go5Qfqu/Ps="
    },
    "@drozdik.m/unit-test": {
      "version": "1.0.1",
      "resolved": "https://opticallo.pkgs.visualstudio.com/_packaging/TheAlphaLibrary/npm/registry/@drozdik.m/unit-test/-/unit-test-1.0.1.tgz",
      "integrity": "sha1-irpN+Ez4qiF0ZvZ9OavQhgT+p1c=",
      "dev": true
    }
  }
}
