{
  "name": "@drozdik.m/version",
  "version": "1.1.0",
  "lockfileVersion": 1,
  "requires": true,
  "dependencies": {
    "@drozdik.m/common-interfaces": {
      "version": "1.2.1",
      "resolved": "https://pkgs.dev.azure.com/martin-drozdik/_packaging/TheAlphaLibrary/npm/registry/@drozdik.m/common-interfaces/-/common-interfaces-1.2.1.tgz",
      "integrity": "sha1-7y6k2UUPTpMUu6fftgnjlJTwpns="
    },
    "@drozdik.m/unit-test": {
      "version": "1.5.0",
      "resolved": "https://pkgs.dev.azure.com/martin-drozdik/_packaging/TheAlphaLibrary/npm/registry/@drozdik.m/unit-test/-/unit-test-1.5.0.tgz",
      "integrity": "sha1-xdOGkLVtZh25jYbAogzx6xfSGnc=",
      "dev": true
    },
    "@drozdik.m/web-unit-test": {
      "version": "1.2.5",
      "resolved": "https://pkgs.dev.azure.com/martin-drozdik/_packaging/TheAlphaLibrary/npm/registry/@drozdik.m/web-unit-test/-/web-unit-test-1.2.5.tgz",
      "integrity": "sha1-Nm3seKLIc0JfNOzedpCHkg4x+rQ=",
      "dev": true,
      "requires": {
        "@drozdik.m/unit-test": "^1.5.0"
      }
    }
  }
}
