{
  "name": "@drozdik.m/common-button",
  "version": "1.0.3",
  "lockfileVersion": 1,
  "requires": true,
  "dependencies": {
    "@drozdik.m/common-mixins": {
      "version": "1.0.5",
      "resolved": "https://registry.npmjs.org/@drozdik.m/common-mixins/-/common-mixins-1.0.5.tgz",
      "integrity": "sha512-+/Ldi010jnuSt2dNlArfGRObFoRrblU5jxYQ3eQR+tNaZPYLKvXKBB4cFHYNVu6MDzI+HgD9jstmJkOkgfywog=="
    },
    "@drozdik.m/px-in-rem": {
      "version": "1.0.1",
      "resolved": "https://registry.npmjs.org/@drozdik.m/px-in-rem/-/px-in-rem-1.0.1.tgz",
      "integrity": "sha512-5KCdhJabI1OI98nbe5n6pQwCgSoOZ2+/znCAsry7aYXG0AgUECZV0j4gjYLgiaXpxy343FuQPYkJ5Tlf5FWRaA=="
    }
  }
}
