{
  "name": "@drozdik.m/primitive-container",
  "version": "1.0.0",
  "lockfileVersion": 1,
  "requires": true,
  "dependencies": {
    "@drozdik.m/common-interfaces": {
      "version": "1.0.1",
      "resolved": "https://opticallo.pkgs.visualstudio.com/_packaging/TheAlphaLibrary/npm/registry/@drozdik.m/common-interfaces/-/common-interfaces-1.0.1.tgz",
      "integrity": "sha1-gHi2/LWRWgY9+R51+dM29afN90U="
    },
    "@drozdik.m/unit-test": {
      "version": "1.0.1",
      "resolved": "https://opticallo.pkgs.visualstudio.com/_packaging/TheAlphaLibrary/npm/registry/@drozdik.m/unit-test/-/unit-test-1.0.1.tgz",
      "integrity": "sha1-irpN+Ez4qiF0ZvZ9OavQhgT+p1c=",
      "dev": true
    }
  }
}
