{
  "name": "@drozdik.m/queue",
  "version": "1.1.0",
  "lockfileVersion": 1,
  "requires": true,
  "dependencies": {
    "@drozdik.m/common-interfaces": {
      "version": "1.0.2",
      "resolved": "https://opticallo.pkgs.visualstudio.com/_packaging/TheAlphaLibrary/npm/registry/@drozdik.m/common-interfaces/-/common-interfaces-1.0.2.tgz",
      "integrity": "sha1-QF04YMRC/cEH0DJTHVJ1L/Md29E="
    },
    "@drozdik.m/comparator-handler": {
      "version": "1.0.1",
      "resolved": "https://opticallo.pkgs.visualstudio.com/_packaging/TheAlphaLibrary/npm/registry/@drozdik.m/comparator-handler/-/comparator-handler-1.0.1.tgz",
      "integrity": "sha1-amBdgCGUX4abmR1GYYdzsuCAHiE=",
      "requires": {
        "@drozdik.m/common-interfaces": "^1.0.2",
        "@drozdik.m/default-comparator": "^1.0.1"
      }
    },
    "@drozdik.m/default-comparator": {
      "version": "1.0.1",
      "resolved": "https://opticallo.pkgs.visualstudio.com/_packaging/TheAlphaLibrary/npm/registry/@drozdik.m/default-comparator/-/default-comparator-1.0.1.tgz",
      "integrity": "sha1-YEBW4dnjwKcnldtQ8go5Qfqu/Ps="
    },
    "@drozdik.m/double-linked-list": {
      "version": "1.0.2",
      "resolved": "https://opticallo.pkgs.visualstudio.com/_packaging/TheAlphaLibrary/npm/registry/@drozdik.m/double-linked-list/-/double-linked-list-1.0.2.tgz",
      "integrity": "sha1-AUB3lv8iHBirVZGhZB/LtCquY7o=",
      "requires": {
        "@drozdik.m/common-interfaces": "^1.0.2",
        "@drozdik.m/comparator-handler": "^1.0.1"
      }
    },
    "@drozdik.m/unit-test": {
      "version": "1.4.2",
      "resolved": "https://opticallo.pkgs.visualstudio.com/_packaging/TheAlphaLibrary/npm/registry/@drozdik.m/unit-test/-/unit-test-1.4.2.tgz",
      "integrity": "sha1-jeVoo2vp5/TlJ5FApDMJjMTDg+I=",
      "dev": true
    }
  }
}
