{
  "name": "@drozdik.m/web-unit-test",
  "version": "1.2.5",
  "lockfileVersion": 1,
  "requires": true,
  "dependencies": {
    "@drozdik.m/unit-test": {
      "version": "1.5.1",
      "resolved": "https://registry.npmjs.org/@drozdik.m/unit-test/-/unit-test-1.5.1.tgz",
      "integrity": "sha512-Jr+752/ic01Urv725WZbVI3cUHehnw2c1aFkwQCC74TZxkl974OZqh5cUCI7hBdRETdqqKvGTAO5hDr7ng4pYw=="
    },
    "@types/node": {
      "version": "12.20.21",
      "resolved": "https://registry.npmjs.org/@types/node/-/node-12.20.21.tgz",
      "integrity": "sha512-Qk7rOvV2A4vNgXNS88vEvbJE1NDFPCQ8AU+pNElrU2bA4yrRDef3fg3SUe+xkwyin3Bpg/Xh5JkNWTlsOcS2tA==",
      "dev": true
    }
  }
}
