{
  "name": "@drozdik.m/web-unit-test",
  "version": "1.2.5",
  "lockfileVersion": 1,
  "requires": true,
  "dependencies": {
    "@drozdik.m/unit-test": {
      "version": "1.5.0",
      "resolved": "https://opticallo.pkgs.visualstudio.com/_packaging/TheAlphaLibrary/npm/registry/@drozdik.m/unit-test/-/unit-test-1.5.0.tgz",
      "integrity": "sha1-xdOGkLVtZh25jYbAogzx6xfSGnc="
    },
    "@types/node": {
      "version": "12.0.12",
      "resolved": "https://opticallo.pkgs.visualstudio.com/_packaging/TheAlphaLibrary/npm/registry/@types/node/-/node-12.0.12.tgz",
      "integrity": "sha1-zHkbQCNg2x6vcXZHkHL5HubGx8o=",
      "dev": true
    },
    "@types/prop-types": {
      "version": "15.7.1",
      "resolved": "https://opticallo.pkgs.visualstudio.com/_packaging/TheAlphaLibrary/npm/registry/@types/prop-types/-/prop-types-15.7.1.tgz",
      "integrity": "sha1-8aEee6uww8rWgQC+OB0eBkxo8fY=",
      "dev": true
    },
    "@types/react": {
      "version": "16.8.23",
      "resolved": "https://opticallo.pkgs.visualstudio.com/_packaging/TheAlphaLibrary/npm/registry/@types/react/-/react-16.8.23.tgz",
      "integrity": "sha1-7Gvjzu1jU6IJSBabbLTJe2W5etI=",
      "dev": true,
      "requires": {
        "@types/prop-types": "*",
        "csstype": "^2.2.0"
      }
    },
    "@types/react-dom": {
      "version": "16.8.4",
      "resolved": "https://registry.npmjs.org/@types/react-dom/-/react-dom-16.8.4.tgz",
      "integrity": "sha512-eIRpEW73DCzPIMaNBDP5pPIpK1KXyZwNgfxiVagb5iGiz6da+9A5hslSX6GAQKdO7SayVCS/Fr2kjqprgAvkfA==",
      "dev": true,
      "requires": {
        "@types/react": "*"
      }
    },
    "csstype": {
      "version": "2.6.5",
      "resolved": "https://opticallo.pkgs.visualstudio.com/_packaging/TheAlphaLibrary/npm/registry/csstype/-/csstype-2.6.5.tgz",
      "integrity": "sha1-HNHf90Lr9NfJkUcK5x4Su2dR4DQ=",
      "dev": true
    }
  }
}
