{
  "name": "@drozdik.m/slow-scroll",
  "version": "1.1.0",
  "lockfileVersion": 1,
  "requires": true,
  "dependencies": {
    "@drozdik.m/animation": {
      "version": "1.0.0",
      "resolved": "https://opticallo.pkgs.visualstudio.com/_packaging/TheAlphaLibrary/npm/registry/@drozdik.m/animation/-/animation-1.0.0.tgz",
      "integrity": "sha1-TpOYVoW2raANuYPg3yJ0FfMbIc0=",
      "requires": {
        "@drozdik.m/event": "^1.0.0",
        "@drozdik.m/lerp": "^1.0.0"
      }
    },
    "@drozdik.m/common-interfaces": {
      "version": "1.0.2",
      "resolved": "https://opticallo.pkgs.visualstudio.com/_packaging/TheAlphaLibrary/npm/registry/@drozdik.m/common-interfaces/-/common-interfaces-1.0.2.tgz",
      "integrity": "sha1-QF04YMRC/cEH0DJTHVJ1L/Md29E="
    },
    "@drozdik.m/comparator-handler": {
      "version": "1.0.1",
      "resolved": "https://opticallo.pkgs.visualstudio.com/_packaging/TheAlphaLibrary/npm/registry/@drozdik.m/comparator-handler/-/comparator-handler-1.0.1.tgz",
      "integrity": "sha1-amBdgCGUX4abmR1GYYdzsuCAHiE=",
      "requires": {
        "@drozdik.m/common-interfaces": "^1.0.2",
        "@drozdik.m/default-comparator": "^1.0.1"
      }
    },
    "@drozdik.m/default-comparator": {
      "version": "1.0.1",
      "resolved": "https://opticallo.pkgs.visualstudio.com/_packaging/TheAlphaLibrary/npm/registry/@drozdik.m/default-comparator/-/default-comparator-1.0.1.tgz",
      "integrity": "sha1-YEBW4dnjwKcnldtQ8go5Qfqu/Ps="
    },
    "@drozdik.m/double-linked-list": {
      "version": "1.0.2",
      "resolved": "https://opticallo.pkgs.visualstudio.com/_packaging/TheAlphaLibrary/npm/registry/@drozdik.m/double-linked-list/-/double-linked-list-1.0.2.tgz",
      "integrity": "sha1-AUB3lv8iHBirVZGhZB/LtCquY7o=",
      "requires": {
        "@drozdik.m/common-interfaces": "^1.0.2",
        "@drozdik.m/comparator-handler": "^1.0.1"
      }
    },
    "@drozdik.m/event": {
      "version": "1.0.0",
      "resolved": "https://opticallo.pkgs.visualstudio.com/_packaging/TheAlphaLibrary/npm/registry/@drozdik.m/event/-/event-1.0.0.tgz",
      "integrity": "sha1-BYNMXI3ZslTUqTWeVbZI0y9Xg74=",
      "requires": {
        "@drozdik.m/common-interfaces": "^1.0.2",
        "@drozdik.m/double-linked-list": "^1.0.2"
      }
    },
    "@drozdik.m/lerp": {
      "version": "1.0.0",
      "resolved": "https://opticallo.pkgs.visualstudio.com/_packaging/TheAlphaLibrary/npm/registry/@drozdik.m/lerp/-/lerp-1.0.0.tgz",
      "integrity": "sha1-dVFQ5a3GTITfW/D83ASjS6JrMNc="
    },
    "@drozdik.m/unit-test": {
      "version": "1.5.0",
      "resolved": "https://opticallo.pkgs.visualstudio.com/_packaging/TheAlphaLibrary/npm/registry/@drozdik.m/unit-test/-/unit-test-1.5.0.tgz",
      "integrity": "sha1-xdOGkLVtZh25jYbAogzx6xfSGnc=",
      "dev": true
    },
    "@drozdik.m/web-unit-test": {
      "version": "1.2.5",
      "resolved": "https://opticallo.pkgs.visualstudio.com/_packaging/TheAlphaLibrary/npm/registry/@drozdik.m/web-unit-test/-/web-unit-test-1.2.5.tgz",
      "integrity": "sha1-Nm3seKLIc0JfNOzedpCHkg4x+rQ=",
      "dev": true,
      "requires": {
        "@drozdik.m/unit-test": "^1.5.0"
      }
    }
  }
}
