{
  "name": "@drozdik.m/lerp",
  "version": "1.0.0",
  "lockfileVersion": 1,
  "requires": true,
  "dependencies": {
    "@drozdik.m/unit-test": {
      "version": "1.5.1",
      "resolved": "https://registry.npmjs.org/@drozdik.m/unit-test/-/unit-test-1.5.1.tgz",
      "integrity": "sha512-Jr+752/ic01Urv725WZbVI3cUHehnw2c1aFkwQCC74TZxkl974OZqh5cUCI7hBdRETdqqKvGTAO5hDr7ng4pYw==",
      "dev": true
    }
  }
}
